{
  "originHash" : "76508d7e208709cee36663836f8a532997eedfe8a597172c3561ca20d9b9b399",
  "pins" : [
    {
      "identity" : "swift-midi-file",
      "kind" : "remoteSourceControl",
      "location" : "https://github.com/arraypress/swift-midi-file.git",
      "state" : {
        "revision" : "f9fe138f27873f084c926a53f397fb93254bcf70",
        "version" : "0.5.0"
      }
    },
    {
      "identity" : "swift-music-analysis",
      "kind" : "remoteSourceControl",
      "location" : "https://github.com/arraypress/swift-music-analysis.git",
      "state" : {
        "revision" : "935f487986f10577abcf584132e9f010e647a5d2",
        "version" : "0.3.0"
      }
    },
    {
      "identity" : "swift-music-transcriber",
      "kind" : "remoteSourceControl",
      "location" : "https://github.com/arraypress/swift-music-transcriber.git",
      "state" : {
        "revision" : "ae220bd165d2ffee1515bdd2a99d5ab1e9508667",
        "version" : "0.6.0"
      }
    },
    {
      "identity" : "swift-pitch-tracker",
      "kind" : "remoteSourceControl",
      "location" : "https://github.com/arraypress/swift-pitch-tracker.git",
      "state" : {
        "revision" : "5040d773b113dab4afc65ff8a72487fdcc242530",
        "version" : "0.1.1"
      }
    },
    {
      "identity" : "swift-sample-search",
      "kind" : "remoteSourceControl",
      "location" : "https://github.com/arraypress/swift-sample-search.git",
      "state" : {
        "revision" : "99e0bb03f820621b2f1ea05b53c7bbc1ed06a298",
        "version" : "0.1.1"
      }
    }
  ],
  "version" : 3
}
